// !$*UTF8*$!
{
	archiveVersion = 1;
	classes = {
	};
	objectVersion = 46;
	objects = {

/* Begin PBXBuildFile section */
		318A984E1FBAC45400404ACB /* AppDelegate.swift in Sources */ = {isa = PBXBuildFile; fileRef = 318A984D1FBAC45400404ACB /* AppDelegate.swift */; };
		318A98501FBAC45400404ACB /* Assets.xcassets in Resources */ = {isa = PBXBuildFile; fileRef = 318A984F1FBAC45400404ACB /* Assets.xcassets */; };
		318A98531FBAC45400404ACB /* MainMenu.xib in Resources */ = {isa = PBXBuildFile; fileRef = 318A98511FBAC45400404ACB /* MainMenu.xib */; };
/* End PBXBuildFile section */

/* Begin PBXFileReference section */
		318A984A1FBAC45400404ACB /* getPathMB.app */ = {isa = PBXFileReference; explicitFileType = wrapper.application; includeInIndex = 0; path = getPathMB.app; sourceTree = BUILT_PRODUCTS_DIR; };
		318A984D1FBAC45400404ACB /* AppDelegate.swift */ = {isa = PBXFileReference; lastKnownFileType = sourcecode.swift; path = AppDelegate.swift; sourceTree = "<group>"; };
		318A984F1FBAC45400404ACB /* Assets.xcassets */ = {isa = PBXFileReference; lastKnownFileType = folder.assetcatalog; path = Assets.xcassets; sourceTree = "<group>"; };
		318A98521FBAC45400404ACB /* Base */ = {isa = PBXFileReference; lastKnownFileType = file.xib; name = Base; path = Base.lproj/MainMenu.xib; sourceTree = "<group>"; };
		318A98541FBAC45400404ACB /* Info.plist */ = {isa = PBXFileReference; lastKnownFileType = text.plist.xml; path = Info.plist; sourceTree = "<group>"; };
/* End PBXFileReference section */

/* Begin PBXFrameworksBuildPhase section */
		318A98471FBAC45400404ACB /* Frameworks */ = {
			isa = PBXFrameworksBuildPhase;
			buildActionMask = 2147483647;
			files = (
			);
			runOnlyForDeploymentPostprocessing = 0;
		};
/* End PBXFrameworksBuildPhase section */

/* Begin PBXGroup section */
		318A98411FBAC45400404ACB = {
			isa = PBXGroup;
			children = (
				318A984C1FBAC45400404ACB /* getPathMB */,
				318A984B1FBAC45400404ACB /* Products */,
			);
			sourceTree = "<group>";
		};
		318A984B1FBAC45400404ACB /* Products */ = {
			isa = PBXGroup;
			children = (
				318A984A1FBAC45400404ACB /* getPathMB.app */,
			);
			name = Products;
			sourceTree = "<group>";
		};
		318A984C1FBAC45400404ACB /* getPathMB */ = {
			isa = PBXGroup;
			children = (
				318A984D1FBAC45400404ACB /* AppDelegate.swift */,
				318A984F1FBAC45400404ACB /* Assets.xcassets */,
				318A98511FBAC45400404ACB /* MainMenu.xib */,
				318A98541FBAC45400404ACB /* Info.plist */,
			);
			path = getPathMB;
			sourceTree = "<group>";
		};
/* End PBXGroup section */

/* Begin PBXNativeTarget section */
		318A98491FBAC45400404ACB /* getPathMB */ = {
			isa = PBXNativeTarget;
			buildConfigurationList = 318A98571FBAC45400404ACB /* Build configuration list for PBXNativeTarget "getPathMB" */;
			buildPhases = (
				318A98461FBAC45400404ACB /* Sources */,
				318A98471FBAC45400404ACB /* Frameworks */,
				318A98481FBAC45400404ACB /* Resources */,
			);
			buildRules = (
			);
			dependencies = (
			);
			name = getPathMB;
			productName = getPathMB;
			productReference = 318A984A1FBAC45400404ACB /* getPathMB.app */;
			productType = "com.apple.product-type.application";
		};
/* End PBXNativeTarget section */

/* Begin PBXProject section */
		318A98421FBAC45400404ACB /* Project object */ = {
			isa = PBXProject;
			attributes = {
				LastSwiftUpdateCheck = 0720;
				LastUpgradeCheck = 0720;
				ORGANIZATIONNAME = mj;
				TargetAttributes = {
					318A98491FBAC45400404ACB = {
						CreatedOnToolsVersion = 7.2.1;
					};
				};
			};
			buildConfigurationList = 318A98451FBAC45400404ACB /* Build configuration list for PBXProject "getPathMB" */;
			compatibilityVersion = "Xcode 3.2";
			developmentRegion = English;
			hasScannedForEncodings = 0;
			knownRegions = (
				en,
				Base,
			);
			mainGroup = 318A98411FBAC45400404ACB;
			productRefGroup = 318A984B1FBAC45400404ACB /* Products */;
			projectDirPath = "";
			projectRoot = "";
			targets = (
				318A98491FBAC45400404ACB /* getPathMB */,
			);
		};
/* End PBXProject section */

/* Begin PBXResourcesBuildPhase section */
		318A98481FBAC45400404ACB /* Resources */ = {
			isa = PBXResourcesBuildPhase;
			buildActionMask = 2147483647;
			files = (
				318A98501FBAC45400404ACB /* Assets.xcassets in Resources */,
				318A98531FBAC45400404ACB /* MainMenu.xib in Resources */,
			);
			runOnlyForDeploymentPostprocessing = 0;
		};
/* End PBXResourcesBuildPhase section */

/* Begin PBXSourcesBuildPhase section */
		318A98461FBAC45400404ACB /* Sources */ = {
			isa = PBXSourcesBuildPhase;
			buildActionMask = 2147483647;
			files = (
				318A984E1FBAC45400404ACB /* AppDelegate.swift in Sources */,
			);
			runOnlyForDeploymentPostprocessing = 0;
		};
/* End PBXSourcesBuildPhase section */

/* Begin PBXVariantGroup section */
		318A98511FBAC45400404ACB /* MainMenu.xib */ = {
			isa = PBXVariantGroup;
			children = (
				318A98521FBAC45400404ACB /* Base */,
			);
			name = MainMenu.xib;
			sourceTree = "<group>";
		};
/* End PBXVariantGroup section */

/* Begin XCBuildConfiguration section */
		318A98551FBAC45400404ACB /* Debug */ = {
			isa = XCBuildConfiguration;
			buildSettings = {
				ALWAYS_SEARCH_USER_PATHS = NO;
				CLANG_CXX_LANGUAGE_STANDARD = "gnu++0x";
				CLANG_CXX_LIBRARY = "libc++";
				CLANG_ENABLE_MODULES = YES;
				CLANG_ENABLE_OBJC_ARC = YES;
				CLANG_WARN_BOOL_CONVERSION = YES;
				CLANG_WARN_CONSTANT_CONVERSION = YES;
				CLANG_WARN_DIRECT_OBJC_ISA_USAGE = YES_ERROR;
				CLANG_WARN_EMPTY_BODY = YES;
				CLANG_WARN_ENUM_CONVERSION = YES;
				CLANG_WARN_INT_CONVERSION = YES;
				CLANG_WARN_OBJC_ROOT_CLASS = YES_ERROR;
				CLANG_WARN_UNREACHABLE_CODE = YES;
				CLANG_WARN__DUPLICATE_METHOD_MATCH = YES;
				CODE_SIGN_IDENTITY = "-";
				COPY_PHASE_STRIP = NO;
				DEBUG_INFORMATION_FORMAT = dwarf;
				ENABLE_STRICT_OBJC_MSGSEND = YES;
				ENABLE_TESTABILITY = YES;
				GCC_C_LANGUAGE_STANDARD = gnu99;
				GCC_DYNAMIC_NO_PIC = NO;
				GCC_NO_COMMON_BLOCKS = YES;
				GCC_OPTIMIZATION_LEVEL = 0;
				GCC_PREPROCESSOR_DEFINITIONS = (
					"DEBUG=1",
					"$(inherited)",
				);
				GCC_WARN_64_TO_32_BIT_CONVERSION = YES;
				GCC_WARN_ABOUT_RETURN_TYPE = YES_ERROR;
				GCC_WARN_UNDECLARED_SELECTOR = YES;
				GCC_WARN_UNINITIALIZED_AUTOS = YES_AGGRESSIVE;
				GCC_WARN_UNUSED_FUNCTION = YES;
				GCC_WARN_UNUSED_VARIABLE = YES;
				MACOSX_DEPLOYMENT_TARGET = 10.10;
				MTL_ENABLE_DEBUG_INFO = YES;
				ONLY_ACTIVE_ARCH = YES;
				SDKROOT = macosx;
				SWIFT_OPTIMIZATION_LEVEL = "-Onone";
			};
			name = Debug;
		};
		318A98561FBAC45400404ACB /* Release */ = {
			isa = XCBuildConfiguration;
			buildSettings = {
				ALWAYS_SEARCH_USER_PATHS = NO;
				CLANG_CXX_LANGUAGE_STANDARD = "gnu++0x";
				CLANG_CXX_LIBRARY = "libc++";
				CLANG_ENABLE_MODULES = YES;
				CLANG_ENABLE_OBJC_ARC = YES;
				CLANG_WARN_BOOL_CONVERSION = YES;
				CLANG_WARN_CONSTANT_CONVERSION = YES;
				CLANG_WARN_DIRECT_OBJC_ISA_USAGE = YES_ERROR;
				CLANG_WARN_EMPTY_BODY = YES;
				CLANG_WARN_ENUM_CONVERSION = YES;
				CLANG_WARN_INT_CONVERSION = YES;
				CLANG_WARN_OBJC_ROOT_CLASS = YES_ERROR;
				CLANG_WARN_UNREACHABLE_CODE = YES;
				CLANG_WARN__DUPLICATE_METHOD_MATCH = YES;
				CODE_SIGN_IDENTITY = "-";
				COPY_PHASE_STRIP = NO;
				DEBUG_INFORMATION_FORMAT = "dwarf-with-dsym";
				ENABLE_NS_ASSERTIONS = NO;
				ENABLE_STRICT_OBJC_MSGSEND = YES;
				GCC_C_LANGUAGE_STANDARD = gnu99;
				GCC_NO_COMMON_BLOCKS = YES;
				GCC_WARN_64_TO_32_BIT_CONVERSION = YES;
				GCC_WARN_ABOUT_RETURN_TYPE = YES_ERROR;
				GCC_WARN_UNDECLARED_SELECTOR = YES;
				GCC_WARN_UNINITIALIZED_AUTOS = YES_AGGRESSIVE;
				GCC_WARN_UNUSED_FUNCTION = YES;
				GCC_WARN_UNUSED_VARIABLE = YES;
				MACOSX_DEPLOYMENT_TARGET = 10.10;
				MTL_ENABLE_DEBUG_INFO = NO;
				SDKROOT = macosx;
			};
			name = Release;
		};
		318A98581FBAC45400404ACB /* Debug */ = {
			isa = XCBuildConfiguration;
			buildSettings = {
				ASSETCATALOG_COMPILER_APPICON_NAME = AppIcon;
				COMBINE_HIDPI_IMAGES = YES;
				INFOPLIST_FILE = getPathMB/Info.plist;
				LD_RUNPATH_SEARCH_PATHS = "$(inherited) @executable_path/../Frameworks";
				PRODUCT_BUNDLE_IDENTIFIER = mj.getPathMB;
				PRODUCT_NAME = "$(TARGET_NAME)";
			};
			name = Debug;
		};
		318A98591FBAC45400404ACB /* Release */ = {
			isa = XCBuildConfiguration;
			buildSettings = {
				ASSETCATALOG_COMPILER_APPICON_NAME = AppIcon;
				COMBINE_HIDPI_IMAGES = YES;
				INFOPLIST_FILE = getPathMB/Info.plist;
				LD_RUNPATH_SEARCH_PATHS = "$(inherited) @executable_path/../Frameworks";
				PRODUCT_BUNDLE_IDENTIFIER = mj.getPathMB;
				PRODUCT_NAME = "$(TARGET_NAME)";
			};
			name = Release;
		};
/* End XCBuildConfiguration section */

/* Begin XCConfigurationList section */
		318A98451FBAC45400404ACB /* Build configuration list for PBXProject "getPathMB" */ = {
			isa = XCConfigurationList;
			buildConfigurations = (
				318A98551FBAC45400404ACB /* Debug */,
				318A98561FBAC45400404ACB /* Release */,
			);
			defaultConfigurationIsVisible = 0;
			defaultConfigurationName = Release;
		};
		318A98571FBAC45400404ACB /* Build configuration list for PBXNativeTarget "getPathMB" */ = {
			isa = XCConfigurationList;
			buildConfigurations = (
				318A98581FBAC45400404ACB /* Debug */,
				318A98591FBAC45400404ACB /* Release */,
			);
			defaultConfigurationIsVisible = 0;
		};
/* End XCConfigurationList section */
	};
	rootObject = 318A98421FBAC45400404ACB /* Project object */;
}
